
Microsoft Visual Studio Solution File, Format Version 12.00
# Visual Studio Version 17
VisualStudioVersion = 17.0.31903.59
MinimumVisualStudioVersion = 10.0.40219.1
Project("{2150E333-8FDC-42A3-9474-1A3956D46DE8}") = "src", "src", "{827E0CD3-B72D-47B6-A68D-7590B98EB39B}"
EndProject
Project("{2150E333-8FDC-42A3-9474-1A3956D46DE8}") = "Core", "Core", "{8D626EA8-CB54-BC41-363A-217881BEBA6E}"
EndProject
Project("{FAE04EC0-301F-11D3-BF4B-00C04F79EFBC}") = "FlowOrchestrator.Abstractions", "src\Core\FlowOrchestrator.Abstractions\FlowOrchestrator.Abstractions.csproj", "{3994499C-1326-4434-82E8-87A77F55003C}"
EndProject
Project("{FAE04EC0-301F-11D3-BF4B-00C04F79EFBC}") = "FlowOrchestrator.Domain", "src\Core\FlowOrchestrator.Domain\FlowOrchestrator.Domain.csproj", "{521146F6-B496-4257-9109-8245F126E6BC}"
EndProject
Project("{FAE04EC0-301F-11D3-BF4B-00C04F79EFBC}") = "FlowOrchestrator.Common", "src\Core\FlowOrchestrator.Common\FlowOrchestrator.Common.csproj", "{3E1C0363-7C06-4C1F-8F9D-D98CED9F27A2}"
EndProject
Project("{2150E333-8FDC-42A3-9474-1A3956D46DE8}") = "Execution", "Execution", "{EC0AE37B-42FE-3786-533F-760669F80219}"
EndProject
Project("{FAE04EC0-301F-11D3-BF4B-00C04F79EFBC}") = "FlowOrchestrator.Orchestrator", "src\Execution\FlowOrchestrator.Orchestrator\FlowOrchestrator.Orchestrator.csproj", "{25CB2F4D-7B3A-4AA7-B8F8-86E71A306637}"
EndProject
Project("{FAE04EC0-301F-11D3-BF4B-00C04F79EFBC}") = "FlowOrchestrator.MemoryManager", "src\Execution\FlowOrchestrator.MemoryManager\FlowOrchestrator.MemoryManager.csproj", "{270A6FB3-B0EA-4EFF-9DB8-928E23E15186}"
EndProject
Project("{FAE04EC0-301F-11D3-BF4B-00C04F79EFBC}") = "FlowOrchestrator.BranchController", "src\Execution\FlowOrchestrator.BranchController\FlowOrchestrator.BranchController.csproj", "{7C434317-652F-4CDA-B476-E81BD26C7B6E}"
EndProject
Project("{FAE04EC0-301F-11D3-BF4B-00C04F79EFBC}") = "FlowOrchestrator.Recovery", "src\Execution\FlowOrchestrator.Recovery\FlowOrchestrator.Recovery.csproj", "{7D2CFE0B-F876-4CB4-9AF7-B64A611877E3}"
EndProject
Project("{2150E333-8FDC-42A3-9474-1A3956D46DE8}") = "Integration", "Integration", "{4CF8BE06-238A-3BB5-C506-35F420208DAB}"
EndProject
Project("{FAE04EC0-301F-11D3-BF4B-00C04F79EFBC}") = "FlowOrchestrator.ImporterBase", "src\Integration\FlowOrchestrator.ImporterBase\FlowOrchestrator.ImporterBase.csproj", "{6FF8E19C-4034-4619-9FCA-DCA6EE061D2F}"
EndProject
Project("{FAE04EC0-301F-11D3-BF4B-00C04F79EFBC}") = "FlowOrchestrator.FileImporter", "src\Integration\FlowOrchestrator.FileImporter\FlowOrchestrator.FileImporter.csproj", "{6A75CEF2-E9D1-412B-891A-180068C4F4F1}"
EndProject
Project("{FAE04EC0-301F-11D3-BF4B-00C04F79EFBC}") = "FlowOrchestrator.ExporterBase", "src\Integration\FlowOrchestrator.ExporterBase\FlowOrchestrator.ExporterBase.csproj", "{6F2810F2-8CE9-4BE2-B51E-4AFDA952470D}"
EndProject
Project("{FAE04EC0-301F-11D3-BF4B-00C04F79EFBC}") = "FlowOrchestrator.FileExporter", "src\Integration\FlowOrchestrator.FileExporter\FlowOrchestrator.FileExporter.csproj", "{13DF594F-55EB-4D39-8856-5BD5A2E747BD}"
EndProject
Project("{FAE04EC0-301F-11D3-BF4B-00C04F79EFBC}") = "FlowOrchestrator.ProtocolAdapters", "src\Integration\FlowOrchestrator.ProtocolAdapters\FlowOrchestrator.ProtocolAdapters.csproj", "{E63824C1-D6F5-417A-AC30-9C8584E55AB8}"
EndProject
Project("{2150E333-8FDC-42A3-9474-1A3956D46DE8}") = "Processing", "Processing", "{6D8AACB2-692B-8ECE-48B5-A6C757BA2C59}"
EndProject
Project("{FAE04EC0-301F-11D3-BF4B-00C04F79EFBC}") = "FlowOrchestrator.ProcessorBase", "src\Processing\FlowOrchestrator.ProcessorBase\FlowOrchestrator.ProcessorBase.csproj", "{3D9AA403-E8CB-4A64-AE8F-66379BD80CA0}"
EndProject
Project("{FAE04EC0-301F-11D3-BF4B-00C04F79EFBC}") = "FlowOrchestrator.JsonProcessor", "src\Processing\FlowOrchestrator.JsonProcessor\FlowOrchestrator.JsonProcessor.csproj", "{2AECB934-995D-4978-A7EC-9CA7A40EBC11}"
EndProject
Project("{2150E333-8FDC-42A3-9474-1A3956D46DE8}") = "Management", "Management", "{F3244B3D-53C5-18F9-F232-08909C1DCBB5}"
EndProject
Project("{FAE04EC0-301F-11D3-BF4B-00C04F79EFBC}") = "FlowOrchestrator.ServiceManager", "src\Management\FlowOrchestrator.ServiceManager\FlowOrchestrator.ServiceManager.csproj", "{FB2A27AA-4AC6-4064-8205-2FA52D350A49}"
EndProject
Project("{FAE04EC0-301F-11D3-BF4B-00C04F79EFBC}") = "FlowOrchestrator.FlowManager", "src\Management\FlowOrchestrator.FlowManager\FlowOrchestrator.FlowManager.csproj", "{39CBB9E8-6523-4CED-BA18-91C51E8ACCBF}"
EndProject
Project("{FAE04EC0-301F-11D3-BF4B-00C04F79EFBC}") = "FlowOrchestrator.ConfigurationManager", "src\Management\FlowOrchestrator.ConfigurationManager\FlowOrchestrator.ConfigurationManager.csproj", "{90C4EFD7-FBBE-471F-BACE-A2BFCD969E97}"
EndProject
Project("{FAE04EC0-301F-11D3-BF4B-00C04F79EFBC}") = "FlowOrchestrator.VersionManager", "src\Management\FlowOrchestrator.VersionManager\FlowOrchestrator.VersionManager.csproj", "{8F73C1E5-9EE1-4A07-8437-6FDF850194D1}"
EndProject
Project("{FAE04EC0-301F-11D3-BF4B-00C04F79EFBC}") = "FlowOrchestrator.TaskScheduler", "src\Management\FlowOrchestrator.TaskScheduler\FlowOrchestrator.TaskScheduler.csproj", "{78CD8845-1128-491E-AB15-6EA755389236}"
EndProject
Project("{2150E333-8FDC-42A3-9474-1A3956D46DE8}") = "Observability", "Observability", "{3339D402-2AB5-41A5-71BE-05E6399CF675}"
EndProject
Project("{FAE04EC0-301F-11D3-BF4B-00C04F79EFBC}") = "FlowOrchestrator.StatisticsService", "src\Observability\FlowOrchestrator.StatisticsService\FlowOrchestrator.StatisticsService.csproj", "{CAAF5315-EC22-4A35-B009-76D7A9FBB2D2}"
EndProject
Project("{FAE04EC0-301F-11D3-BF4B-00C04F79EFBC}") = "FlowOrchestrator.MonitoringFramework", "src\Observability\FlowOrchestrator.MonitoringFramework\FlowOrchestrator.MonitoringFramework.csproj", "{BEAF668B-BD97-4127-BD31-169B9870FF56}"
EndProject
Project("{FAE04EC0-301F-11D3-BF4B-00C04F79EFBC}") = "FlowOrchestrator.AlertingSystem", "src\Observability\FlowOrchestrator.AlertingSystem\FlowOrchestrator.AlertingSystem.csproj", "{BB648FC6-FBA2-4F57-A723-2063214243D5}"
EndProject
Project("{FAE04EC0-301F-11D3-BF4B-00C04F79EFBC}") = "FlowOrchestrator.AnalyticsEngine", "src\Observability\FlowOrchestrator.AnalyticsEngine\FlowOrchestrator.AnalyticsEngine.csproj", "{B2FB1C5D-D59C-4142-911D-1A588F47C2D8}"
EndProject
Project("{2150E333-8FDC-42A3-9474-1A3956D46DE8}") = "Infrastructure", "Infrastructure", "{9048EB7F-3875-A59E-E36B-5BD4C6F2A282}"
EndProject
Project("{FAE04EC0-301F-11D3-BF4B-00C04F79EFBC}") = "FlowOrchestrator.Infrastructure.Data.MongoDB", "src\Infrastructure\FlowOrchestrator.Infrastructure.Data.MongoDB\FlowOrchestrator.Infrastructure.Data.MongoDB.csproj", "{3D153DDB-E3C4-42D3-8E57-E507C6A19A26}"
EndProject
Project("{FAE04EC0-301F-11D3-BF4B-00C04F79EFBC}") = "FlowOrchestrator.Infrastructure.Data.Hazelcast", "src\Infrastructure\FlowOrchestrator.Infrastructure.Data.Hazelcast\FlowOrchestrator.Infrastructure.Data.Hazelcast.csproj", "{00E0FC42-0259-4AA6-8755-81C3CCEE6DAB}"
EndProject
Project("{FAE04EC0-301F-11D3-BF4B-00C04F79EFBC}") = "FlowOrchestrator.Infrastructure.Messaging.MassTransit", "src\Infrastructure\FlowOrchestrator.Infrastructure.Messaging.MassTransit\FlowOrchestrator.Infrastructure.Messaging.MassTransit.csproj", "{EB71944B-9583-4270-9584-31F2CA6FC89F}"
EndProject
Project("{FAE04EC0-301F-11D3-BF4B-00C04F79EFBC}") = "FlowOrchestrator.Infrastructure.Scheduling.Quartz", "src\Infrastructure\FlowOrchestrator.Infrastructure.Scheduling.Quartz\FlowOrchestrator.Infrastructure.Scheduling.Quartz.csproj", "{D610BF01-C901-4796-A499-304BBF43577C}"
EndProject
Project("{FAE04EC0-301F-11D3-BF4B-00C04F79EFBC}") = "FlowOrchestrator.Infrastructure.Telemetry.OpenTelemetry", "src\Infrastructure\FlowOrchestrator.Infrastructure.Telemetry.OpenTelemetry\FlowOrchestrator.Infrastructure.Telemetry.OpenTelemetry.csproj", "{213C7972-E5C1-4891-9764-A28BFAEDA11C}"
EndProject
Project("{2150E333-8FDC-42A3-9474-1A3956D46DE8}") = "tests", "tests", "{0AB3BF05-4346-4AA6-1389-037BE0695223}"
EndProject
Project("{2150E333-8FDC-42A3-9474-1A3956D46DE8}") = "Unit", "Unit", "{9D556B49-86D1-93A7-9596-FFAAB74EC556}"
EndProject
Project("{FAE04EC0-301F-11D3-BF4B-00C04F79EFBC}") = "FlowOrchestrator.Common.Tests", "tests\Unit\FlowOrchestrator.Common.Tests\FlowOrchestrator.Common.Tests.csproj", "{4F4077BE-600B-4675-A835-401CC3F942CF}"
EndProject
Project("{FAE04EC0-301F-11D3-BF4B-00C04F79EFBC}") = "FlowOrchestrator.Abstractions.Tests", "tests\Unit\FlowOrchestrator.Abstractions.Tests\FlowOrchestrator.Abstractions.Tests.csproj", "{74A950F6-C0A1-4DB9-A55F-C9FA24289D62}"
EndProject
Project("{FAE04EC0-301F-11D3-BF4B-00C04F79EFBC}") = "FlowOrchestrator.Domain.Tests", "tests\Unit\FlowOrchestrator.Domain.Tests\FlowOrchestrator.Domain.Tests.csproj", "{B6050949-5538-40D0-925D-1DB23CD920FB}"
EndProject
Project("{FAE04EC0-301F-11D3-BF4B-00C04F79EFBC}") = "FlowOrchestrator.Orchestrator.Tests", "tests\Unit\FlowOrchestrator.Orchestrator.Tests\FlowOrchestrator.Orchestrator.Tests.csproj", "{3AB93119-0C75-463B-805D-124A7E206F02}"
EndProject
Project("{2150E333-8FDC-42A3-9474-1A3956D46DE8}") = "Integration", "Integration", "{28A6993C-471E-82FE-7D9E-AD3B1EC22BD9}"
EndProject
Project("{FAE04EC0-301F-11D3-BF4B-00C04F79EFBC}") = "FlowOrchestrator.ExecutionDomain.Tests", "tests\Integration\FlowOrchestrator.ExecutionDomain.Tests\FlowOrchestrator.ExecutionDomain.Tests.csproj", "{6CEFB255-F1F9-4C9C-BC23-59F195EEED69}"
EndProject
Project("{FAE04EC0-301F-11D3-BF4B-00C04F79EFBC}") = "FlowOrchestrator.IntegrationDomain.Tests", "tests\Integration\FlowOrchestrator.IntegrationDomain.Tests\FlowOrchestrator.IntegrationDomain.Tests.csproj", "{B5A38E32-65A3-46F8-8EDE-9DAB20371BAE}"
EndProject
Project("{FAE04EC0-301F-11D3-BF4B-00C04F79EFBC}") = "FlowOrchestrator.ProcessingDomain.Tests", "tests\Integration\FlowOrchestrator.ProcessingDomain.Tests\FlowOrchestrator.ProcessingDomain.Tests.csproj", "{73DF0FF0-1E07-40D0-A4AB-C1660516A99F}"
EndProject
Project("{FAE04EC0-301F-11D3-BF4B-00C04F79EFBC}") = "FlowOrchestrator.ManagementDomain.Tests", "tests\Integration\FlowOrchestrator.ManagementDomain.Tests\FlowOrchestrator.ManagementDomain.Tests.csproj", "{EE716C0A-29A0-4C45-A482-1AE31719D0E0}"
EndProject
Project("{FAE04EC0-301F-11D3-BF4B-00C04F79EFBC}") = "FlowOrchestrator.ObservabilityDomain.Tests", "tests\Integration\FlowOrchestrator.ObservabilityDomain.Tests\FlowOrchestrator.ObservabilityDomain.Tests.csproj", "{31C74A1B-BEFE-4D4A-8072-C67D80F852F8}"
EndProject
Project("{FAE04EC0-301F-11D3-BF4B-00C04F79EFBC}") = "FlowOrchestrator.Infrastructure.Tests", "tests\Integration\FlowOrchestrator.Infrastructure.Tests\FlowOrchestrator.Infrastructure.Tests.csproj", "{27DA6A40-894F-4B80-8FC2-D7EA48A0FC6B}"
EndProject
Project("{2150E333-8FDC-42A3-9474-1A3956D46DE8}") = "System", "System", "{9D368350-D5FC-0BD6-FE3A-1E370CD05A39}"
EndProject
Project("{FAE04EC0-301F-11D3-BF4B-00C04F79EFBC}") = "FlowOrchestrator.EndToEnd.Tests", "tests\System\FlowOrchestrator.EndToEnd.Tests\FlowOrchestrator.EndToEnd.Tests.csproj", "{5B18A7B3-EE82-4E5C-BF9C-88872A44AA91}"
EndProject
Project("{FAE04EC0-301F-11D3-BF4B-00C04F79EFBC}") = "FlowOrchestrator.Performance.Tests", "tests\System\FlowOrchestrator.Performance.Tests\FlowOrchestrator.Performance.Tests.csproj", "{1C7A17A7-E42F-4A4E-9297-E227B87BCF90}"
EndProject
Project("{FAE04EC0-301F-11D3-BF4B-00C04F79EFBC}") = "FlowOrchestrator.Reliability.Tests", "tests\System\FlowOrchestrator.Reliability.Tests\FlowOrchestrator.Reliability.Tests.csproj", "{1DB7D143-84E5-4409-A6A7-4B2A994B3703}"
EndProject
Global
	GlobalSection(SolutionConfigurationPlatforms) = preSolution
		Debug|Any CPU = Debug|Any CPU
		Debug|x64 = Debug|x64
		Debug|x86 = Debug|x86
		Release|Any CPU = Release|Any CPU
		Release|x64 = Release|x64
		Release|x86 = Release|x86
	EndGlobalSection
	GlobalSection(ProjectConfigurationPlatforms) = postSolution
		{3994499C-1326-4434-82E8-87A77F55003C}.Debug|Any CPU.ActiveCfg = Debug|Any CPU
		{3994499C-1326-4434-82E8-87A77F55003C}.Debug|Any CPU.Build.0 = Debug|Any CPU
		{3994499C-1326-4434-82E8-87A77F55003C}.Debug|x64.ActiveCfg = Debug|Any CPU
		{3994499C-1326-4434-82E8-87A77F55003C}.Debug|x64.Build.0 = Debug|Any CPU
		{3994499C-1326-4434-82E8-87A77F55003C}.Debug|x86.ActiveCfg = Debug|Any CPU
		{3994499C-1326-4434-82E8-87A77F55003C}.Debug|x86.Build.0 = Debug|Any CPU
		{3994499C-1326-4434-82E8-87A77F55003C}.Release|Any CPU.ActiveCfg = Release|Any CPU
		{3994499C-1326-4434-82E8-87A77F55003C}.Release|Any CPU.Build.0 = Release|Any CPU
		{3994499C-1326-4434-82E8-87A77F55003C}.Release|x64.ActiveCfg = Release|Any CPU
		{3994499C-1326-4434-82E8-87A77F55003C}.Release|x64.Build.0 = Release|Any CPU
		{3994499C-1326-4434-82E8-87A77F55003C}.Release|x86.ActiveCfg = Release|Any CPU
		{3994499C-1326-4434-82E8-87A77F55003C}.Release|x86.Build.0 = Release|Any CPU
		{521146F6-B496-4257-9109-8245F126E6BC}.Debug|Any CPU.ActiveCfg = Debug|Any CPU
		{521146F6-B496-4257-9109-8245F126E6BC}.Debug|Any CPU.Build.0 = Debug|Any CPU
		{521146F6-B496-4257-9109-8245F126E6BC}.Debug|x64.ActiveCfg = Debug|Any CPU
		{521146F6-B496-4257-9109-8245F126E6BC}.Debug|x64.Build.0 = Debug|Any CPU
		{521146F6-B496-4257-9109-8245F126E6BC}.Debug|x86.ActiveCfg = Debug|Any CPU
		{521146F6-B496-4257-9109-8245F126E6BC}.Debug|x86.Build.0 = Debug|Any CPU
		{521146F6-B496-4257-9109-8245F126E6BC}.Release|Any CPU.ActiveCfg = Release|Any CPU
		{521146F6-B496-4257-9109-8245F126E6BC}.Release|Any CPU.Build.0 = Release|Any CPU
		{521146F6-B496-4257-9109-8245F126E6BC}.Release|x64.ActiveCfg = Release|Any CPU
		{521146F6-B496-4257-9109-8245F126E6BC}.Release|x64.Build.0 = Release|Any CPU
		{521146F6-B496-4257-9109-8245F126E6BC}.Release|x86.ActiveCfg = Release|Any CPU
		{521146F6-B496-4257-9109-8245F126E6BC}.Release|x86.Build.0 = Release|Any CPU
		{3E1C0363-7C06-4C1F-8F9D-D98CED9F27A2}.Debug|Any CPU.ActiveCfg = Debug|Any CPU
		{3E1C0363-7C06-4C1F-8F9D-D98CED9F27A2}.Debug|Any CPU.Build.0 = Debug|Any CPU
		{3E1C0363-7C06-4C1F-8F9D-D98CED9F27A2}.Debug|x64.ActiveCfg = Debug|Any CPU
		{3E1C0363-7C06-4C1F-8F9D-D98CED9F27A2}.Debug|x64.Build.0 = Debug|Any CPU
		{3E1C0363-7C06-4C1F-8F9D-D98CED9F27A2}.Debug|x86.ActiveCfg = Debug|Any CPU
		{3E1C0363-7C06-4C1F-8F9D-D98CED9F27A2}.Debug|x86.Build.0 = Debug|Any CPU
		{3E1C0363-7C06-4C1F-8F9D-D98CED9F27A2}.Release|Any CPU.ActiveCfg = Release|Any CPU
		{3E1C0363-7C06-4C1F-8F9D-D98CED9F27A2}.Release|Any CPU.Build.0 = Release|Any CPU
		{3E1C0363-7C06-4C1F-8F9D-D98CED9F27A2}.Release|x64.ActiveCfg = Release|Any CPU
		{3E1C0363-7C06-4C1F-8F9D-D98CED9F27A2}.Release|x64.Build.0 = Release|Any CPU
		{3E1C0363-7C06-4C1F-8F9D-D98CED9F27A2}.Release|x86.ActiveCfg = Release|Any CPU
		{3E1C0363-7C06-4C1F-8F9D-D98CED9F27A2}.Release|x86.Build.0 = Release|Any CPU
		{25CB2F4D-7B3A-4AA7-B8F8-86E71A306637}.Debug|Any CPU.ActiveCfg = Debug|Any CPU
		{25CB2F4D-7B3A-4AA7-B8F8-86E71A306637}.Debug|Any CPU.Build.0 = Debug|Any CPU
		{25CB2F4D-7B3A-4AA7-B8F8-86E71A306637}.Debug|x64.ActiveCfg = Debug|Any CPU
		{25CB2F4D-7B3A-4AA7-B8F8-86E71A306637}.Debug|x64.Build.0 = Debug|Any CPU
		{25CB2F4D-7B3A-4AA7-B8F8-86E71A306637}.Debug|x86.ActiveCfg = Debug|Any CPU
		{25CB2F4D-7B3A-4AA7-B8F8-86E71A306637}.Debug|x86.Build.0 = Debug|Any CPU
		{25CB2F4D-7B3A-4AA7-B8F8-86E71A306637}.Release|Any CPU.ActiveCfg = Release|Any CPU
		{25CB2F4D-7B3A-4AA7-B8F8-86E71A306637}.Release|Any CPU.Build.0 = Release|Any CPU
		{25CB2F4D-7B3A-4AA7-B8F8-86E71A306637}.Release|x64.ActiveCfg = Release|Any CPU
		{25CB2F4D-7B3A-4AA7-B8F8-86E71A306637}.Release|x64.Build.0 = Release|Any CPU
		{25CB2F4D-7B3A-4AA7-B8F8-86E71A306637}.Release|x86.ActiveCfg = Release|Any CPU
		{25CB2F4D-7B3A-4AA7-B8F8-86E71A306637}.Release|x86.Build.0 = Release|Any CPU
		{270A6FB3-B0EA-4EFF-9DB8-928E23E15186}.Debug|Any CPU.ActiveCfg = Debug|Any CPU
		{270A6FB3-B0EA-4EFF-9DB8-928E23E15186}.Debug|Any CPU.Build.0 = Debug|Any CPU
		{270A6FB3-B0EA-4EFF-9DB8-928E23E15186}.Debug|x64.ActiveCfg = Debug|Any CPU
		{270A6FB3-B0EA-4EFF-9DB8-928E23E15186}.Debug|x64.Build.0 = Debug|Any CPU
		{270A6FB3-B0EA-4EFF-9DB8-928E23E15186}.Debug|x86.ActiveCfg = Debug|Any CPU
		{270A6FB3-B0EA-4EFF-9DB8-928E23E15186}.Debug|x86.Build.0 = Debug|Any CPU
		{270A6FB3-B0EA-4EFF-9DB8-928E23E15186}.Release|Any CPU.ActiveCfg = Release|Any CPU
		{270A6FB3-B0EA-4EFF-9DB8-928E23E15186}.Release|Any CPU.Build.0 = Release|Any CPU
		{270A6FB3-B0EA-4EFF-9DB8-928E23E15186}.Release|x64.ActiveCfg = Release|Any CPU
		{270A6FB3-B0EA-4EFF-9DB8-928E23E15186}.Release|x64.Build.0 = Release|Any CPU
		{270A6FB3-B0EA-4EFF-9DB8-928E23E15186}.Release|x86.ActiveCfg = Release|Any CPU
		{270A6FB3-B0EA-4EFF-9DB8-928E23E15186}.Release|x86.Build.0 = Release|Any CPU
		{7C434317-652F-4CDA-B476-E81BD26C7B6E}.Debug|Any CPU.ActiveCfg = Debug|Any CPU
		{7C434317-652F-4CDA-B476-E81BD26C7B6E}.Debug|Any CPU.Build.0 = Debug|Any CPU
		{7C434317-652F-4CDA-B476-E81BD26C7B6E}.Debug|x64.ActiveCfg = Debug|Any CPU
		{7C434317-652F-4CDA-B476-E81BD26C7B6E}.Debug|x64.Build.0 = Debug|Any CPU
		{7C434317-652F-4CDA-B476-E81BD26C7B6E}.Debug|x86.ActiveCfg = Debug|Any CPU
		{7C434317-652F-4CDA-B476-E81BD26C7B6E}.Debug|x86.Build.0 = Debug|Any CPU
		{7C434317-652F-4CDA-B476-E81BD26C7B6E}.Release|Any CPU.ActiveCfg = Release|Any CPU
		{7C434317-652F-4CDA-B476-E81BD26C7B6E}.Release|Any CPU.Build.0 = Release|Any CPU
		{7C434317-652F-4CDA-B476-E81BD26C7B6E}.Release|x64.ActiveCfg = Release|Any CPU
		{7C434317-652F-4CDA-B476-E81BD26C7B6E}.Release|x64.Build.0 = Release|Any CPU
		{7C434317-652F-4CDA-B476-E81BD26C7B6E}.Release|x86.ActiveCfg = Release|Any CPU
		{7C434317-652F-4CDA-B476-E81BD26C7B6E}.Release|x86.Build.0 = Release|Any CPU
		{7D2CFE0B-F876-4CB4-9AF7-B64A611877E3}.Debug|Any CPU.ActiveCfg = Debug|Any CPU
		{7D2CFE0B-F876-4CB4-9AF7-B64A611877E3}.Debug|Any CPU.Build.0 = Debug|Any CPU
		{7D2CFE0B-F876-4CB4-9AF7-B64A611877E3}.Debug|x64.ActiveCfg = Debug|Any CPU
		{7D2CFE0B-F876-4CB4-9AF7-B64A611877E3}.Debug|x64.Build.0 = Debug|Any CPU
		{7D2CFE0B-F876-4CB4-9AF7-B64A611877E3}.Debug|x86.ActiveCfg = Debug|Any CPU
		{7D2CFE0B-F876-4CB4-9AF7-B64A611877E3}.Debug|x86.Build.0 = Debug|Any CPU
		{7D2CFE0B-F876-4CB4-9AF7-B64A611877E3}.Release|Any CPU.ActiveCfg = Release|Any CPU
		{7D2CFE0B-F876-4CB4-9AF7-B64A611877E3}.Release|Any CPU.Build.0 = Release|Any CPU
		{7D2CFE0B-F876-4CB4-9AF7-B64A611877E3}.Release|x64.ActiveCfg = Release|Any CPU
		{7D2CFE0B-F876-4CB4-9AF7-B64A611877E3}.Release|x64.Build.0 = Release|Any CPU
		{7D2CFE0B-F876-4CB4-9AF7-B64A611877E3}.Release|x86.ActiveCfg = Release|Any CPU
		{7D2CFE0B-F876-4CB4-9AF7-B64A611877E3}.Release|x86.Build.0 = Release|Any CPU
		{6FF8E19C-4034-4619-9FCA-DCA6EE061D2F}.Debug|Any CPU.ActiveCfg = Debug|Any CPU
		{6FF8E19C-4034-4619-9FCA-DCA6EE061D2F}.Debug|Any CPU.Build.0 = Debug|Any CPU
		{6FF8E19C-4034-4619-9FCA-DCA6EE061D2F}.Debug|x64.ActiveCfg = Debug|Any CPU
		{6FF8E19C-4034-4619-9FCA-DCA6EE061D2F}.Debug|x64.Build.0 = Debug|Any CPU
		{6FF8E19C-4034-4619-9FCA-DCA6EE061D2F}.Debug|x86.ActiveCfg = Debug|Any CPU
		{6FF8E19C-4034-4619-9FCA-DCA6EE061D2F}.Debug|x86.Build.0 = Debug|Any CPU
		{6FF8E19C-4034-4619-9FCA-DCA6EE061D2F}.Release|Any CPU.ActiveCfg = Release|Any CPU
		{6FF8E19C-4034-4619-9FCA-DCA6EE061D2F}.Release|Any CPU.Build.0 = Release|Any CPU
		{6FF8E19C-4034-4619-9FCA-DCA6EE061D2F}.Release|x64.ActiveCfg = Release|Any CPU
		{6FF8E19C-4034-4619-9FCA-DCA6EE061D2F}.Release|x64.Build.0 = Release|Any CPU
		{6FF8E19C-4034-4619-9FCA-DCA6EE061D2F}.Release|x86.ActiveCfg = Release|Any CPU
		{6FF8E19C-4034-4619-9FCA-DCA6EE061D2F}.Release|x86.Build.0 = Release|Any CPU
		{6A75CEF2-E9D1-412B-891A-180068C4F4F1}.Debug|Any CPU.ActiveCfg = Debug|Any CPU
		{6A75CEF2-E9D1-412B-891A-180068C4F4F1}.Debug|Any CPU.Build.0 = Debug|Any CPU
		{6A75CEF2-E9D1-412B-891A-180068C4F4F1}.Debug|x64.ActiveCfg = Debug|Any CPU
		{6A75CEF2-E9D1-412B-891A-180068C4F4F1}.Debug|x64.Build.0 = Debug|Any CPU
		{6A75CEF2-E9D1-412B-891A-180068C4F4F1}.Debug|x86.ActiveCfg = Debug|Any CPU
		{6A75CEF2-E9D1-412B-891A-180068C4F4F1}.Debug|x86.Build.0 = Debug|Any CPU
		{6A75CEF2-E9D1-412B-891A-180068C4F4F1}.Release|Any CPU.ActiveCfg = Release|Any CPU
		{6A75CEF2-E9D1-412B-891A-180068C4F4F1}.Release|Any CPU.Build.0 = Release|Any CPU
		{6A75CEF2-E9D1-412B-891A-180068C4F4F1}.Release|x64.ActiveCfg = Release|Any CPU
		{6A75CEF2-E9D1-412B-891A-180068C4F4F1}.Release|x64.Build.0 = Release|Any CPU
		{6A75CEF2-E9D1-412B-891A-180068C4F4F1}.Release|x86.ActiveCfg = Release|Any CPU
		{6A75CEF2-E9D1-412B-891A-180068C4F4F1}.Release|x86.Build.0 = Release|Any CPU
		{6F2810F2-8CE9-4BE2-B51E-4AFDA952470D}.Debug|Any CPU.ActiveCfg = Debug|Any CPU
		{6F2810F2-8CE9-4BE2-B51E-4AFDA952470D}.Debug|Any CPU.Build.0 = Debug|Any CPU
		{6F2810F2-8CE9-4BE2-B51E-4AFDA952470D}.Debug|x64.ActiveCfg = Debug|Any CPU
		{6F2810F2-8CE9-4BE2-B51E-4AFDA952470D}.Debug|x64.Build.0 = Debug|Any CPU
		{6F2810F2-8CE9-4BE2-B51E-4AFDA952470D}.Debug|x86.ActiveCfg = Debug|Any CPU
		{6F2810F2-8CE9-4BE2-B51E-4AFDA952470D}.Debug|x86.Build.0 = Debug|Any CPU
		{6F2810F2-8CE9-4BE2-B51E-4AFDA952470D}.Release|Any CPU.ActiveCfg = Release|Any CPU
		{6F2810F2-8CE9-4BE2-B51E-4AFDA952470D}.Release|Any CPU.Build.0 = Release|Any CPU
		{6F2810F2-8CE9-4BE2-B51E-4AFDA952470D}.Release|x64.ActiveCfg = Release|Any CPU
		{6F2810F2-8CE9-4BE2-B51E-4AFDA952470D}.Release|x64.Build.0 = Release|Any CPU
		{6F2810F2-8CE9-4BE2-B51E-4AFDA952470D}.Release|x86.ActiveCfg = Release|Any CPU
		{6F2810F2-8CE9-4BE2-B51E-4AFDA952470D}.Release|x86.Build.0 = Release|Any CPU
		{13DF594F-55EB-4D39-8856-5BD5A2E747BD}.Debug|Any CPU.ActiveCfg = Debug|Any CPU
		{13DF594F-55EB-4D39-8856-5BD5A2E747BD}.Debug|Any CPU.Build.0 = Debug|Any CPU
		{13DF594F-55EB-4D39-8856-5BD5A2E747BD}.Debug|x64.ActiveCfg = Debug|Any CPU
		{13DF594F-55EB-4D39-8856-5BD5A2E747BD}.Debug|x64.Build.0 = Debug|Any CPU
		{13DF594F-55EB-4D39-8856-5BD5A2E747BD}.Debug|x86.ActiveCfg = Debug|Any CPU
		{13DF594F-55EB-4D39-8856-5BD5A2E747BD}.Debug|x86.Build.0 = Debug|Any CPU
		{13DF594F-55EB-4D39-8856-5BD5A2E747BD}.Release|Any CPU.ActiveCfg = Release|Any CPU
		{13DF594F-55EB-4D39-8856-5BD5A2E747BD}.Release|Any CPU.Build.0 = Release|Any CPU
		{13DF594F-55EB-4D39-8856-5BD5A2E747BD}.Release|x64.ActiveCfg = Release|Any CPU
		{13DF594F-55EB-4D39-8856-5BD5A2E747BD}.Release|x64.Build.0 = Release|Any CPU
		{13DF594F-55EB-4D39-8856-5BD5A2E747BD}.Release|x86.ActiveCfg = Release|Any CPU
		{13DF594F-55EB-4D39-8856-5BD5A2E747BD}.Release|x86.Build.0 = Release|Any CPU
		{E63824C1-D6F5-417A-AC30-9C8584E55AB8}.Debug|Any CPU.ActiveCfg = Debug|Any CPU
		{E63824C1-D6F5-417A-AC30-9C8584E55AB8}.Debug|Any CPU.Build.0 = Debug|Any CPU
		{E63824C1-D6F5-417A-AC30-9C8584E55AB8}.Debug|x64.ActiveCfg = Debug|Any CPU
		{E63824C1-D6F5-417A-AC30-9C8584E55AB8}.Debug|x64.Build.0 = Debug|Any CPU
		{E63824C1-D6F5-417A-AC30-9C8584E55AB8}.Debug|x86.ActiveCfg = Debug|Any CPU
		{E63824C1-D6F5-417A-AC30-9C8584E55AB8}.Debug|x86.Build.0 = Debug|Any CPU
		{E63824C1-D6F5-417A-AC30-9C8584E55AB8}.Release|Any CPU.ActiveCfg = Release|Any CPU
		{E63824C1-D6F5-417A-AC30-9C8584E55AB8}.Release|Any CPU.Build.0 = Release|Any CPU
		{E63824C1-D6F5-417A-AC30-9C8584E55AB8}.Release|x64.ActiveCfg = Release|Any CPU
		{E63824C1-D6F5-417A-AC30-9C8584E55AB8}.Release|x64.Build.0 = Release|Any CPU
		{E63824C1-D6F5-417A-AC30-9C8584E55AB8}.Release|x86.ActiveCfg = Release|Any CPU
		{E63824C1-D6F5-417A-AC30-9C8584E55AB8}.Release|x86.Build.0 = Release|Any CPU
		{3D9AA403-E8CB-4A64-AE8F-66379BD80CA0}.Debug|Any CPU.ActiveCfg = Debug|Any CPU
		{3D9AA403-E8CB-4A64-AE8F-66379BD80CA0}.Debug|Any CPU.Build.0 = Debug|Any CPU
		{3D9AA403-E8CB-4A64-AE8F-66379BD80CA0}.Debug|x64.ActiveCfg = Debug|Any CPU
		{3D9AA403-E8CB-4A64-AE8F-66379BD80CA0}.Debug|x64.Build.0 = Debug|Any CPU
		{3D9AA403-E8CB-4A64-AE8F-66379BD80CA0}.Debug|x86.ActiveCfg = Debug|Any CPU
		{3D9AA403-E8CB-4A64-AE8F-66379BD80CA0}.Debug|x86.Build.0 = Debug|Any CPU
		{3D9AA403-E8CB-4A64-AE8F-66379BD80CA0}.Release|Any CPU.ActiveCfg = Release|Any CPU
		{3D9AA403-E8CB-4A64-AE8F-66379BD80CA0}.Release|Any CPU.Build.0 = Release|Any CPU
		{3D9AA403-E8CB-4A64-AE8F-66379BD80CA0}.Release|x64.ActiveCfg = Release|Any CPU
		{3D9AA403-E8CB-4A64-AE8F-66379BD80CA0}.Release|x64.Build.0 = Release|Any CPU
		{3D9AA403-E8CB-4A64-AE8F-66379BD80CA0}.Release|x86.ActiveCfg = Release|Any CPU
		{3D9AA403-E8CB-4A64-AE8F-66379BD80CA0}.Release|x86.Build.0 = Release|Any CPU
		{2AECB934-995D-4978-A7EC-9CA7A40EBC11}.Debug|Any CPU.ActiveCfg = Debug|Any CPU
		{2AECB934-995D-4978-A7EC-9CA7A40EBC11}.Debug|Any CPU.Build.0 = Debug|Any CPU
		{2AECB934-995D-4978-A7EC-9CA7A40EBC11}.Debug|x64.ActiveCfg = Debug|Any CPU
		{2AECB934-995D-4978-A7EC-9CA7A40EBC11}.Debug|x64.Build.0 = Debug|Any CPU
		{2AECB934-995D-4978-A7EC-9CA7A40EBC11}.Debug|x86.ActiveCfg = Debug|Any CPU
		{2AECB934-995D-4978-A7EC-9CA7A40EBC11}.Debug|x86.Build.0 = Debug|Any CPU
		{2AECB934-995D-4978-A7EC-9CA7A40EBC11}.Release|Any CPU.ActiveCfg = Release|Any CPU
		{2AECB934-995D-4978-A7EC-9CA7A40EBC11}.Release|Any CPU.Build.0 = Release|Any CPU
		{2AECB934-995D-4978-A7EC-9CA7A40EBC11}.Release|x64.ActiveCfg = Release|Any CPU
		{2AECB934-995D-4978-A7EC-9CA7A40EBC11}.Release|x64.Build.0 = Release|Any CPU
		{2AECB934-995D-4978-A7EC-9CA7A40EBC11}.Release|x86.ActiveCfg = Release|Any CPU
		{2AECB934-995D-4978-A7EC-9CA7A40EBC11}.Release|x86.Build.0 = Release|Any CPU
		{FB2A27AA-4AC6-4064-8205-2FA52D350A49}.Debug|Any CPU.ActiveCfg = Debug|Any CPU
		{FB2A27AA-4AC6-4064-8205-2FA52D350A49}.Debug|Any CPU.Build.0 = Debug|Any CPU
		{FB2A27AA-4AC6-4064-8205-2FA52D350A49}.Debug|x64.ActiveCfg = Debug|Any CPU
		{FB2A27AA-4AC6-4064-8205-2FA52D350A49}.Debug|x64.Build.0 = Debug|Any CPU
		{FB2A27AA-4AC6-4064-8205-2FA52D350A49}.Debug|x86.ActiveCfg = Debug|Any CPU
		{FB2A27AA-4AC6-4064-8205-2FA52D350A49}.Debug|x86.Build.0 = Debug|Any CPU
		{FB2A27AA-4AC6-4064-8205-2FA52D350A49}.Release|Any CPU.ActiveCfg = Release|Any CPU
		{FB2A27AA-4AC6-4064-8205-2FA52D350A49}.Release|Any CPU.Build.0 = Release|Any CPU
		{FB2A27AA-4AC6-4064-8205-2FA52D350A49}.Release|x64.ActiveCfg = Release|Any CPU
		{FB2A27AA-4AC6-4064-8205-2FA52D350A49}.Release|x64.Build.0 = Release|Any CPU
		{FB2A27AA-4AC6-4064-8205-2FA52D350A49}.Release|x86.ActiveCfg = Release|Any CPU
		{FB2A27AA-4AC6-4064-8205-2FA52D350A49}.Release|x86.Build.0 = Release|Any CPU
		{39CBB9E8-6523-4CED-BA18-91C51E8ACCBF}.Debug|Any CPU.ActiveCfg = Debug|Any CPU
		{39CBB9E8-6523-4CED-BA18-91C51E8ACCBF}.Debug|Any CPU.Build.0 = Debug|Any CPU
		{39CBB9E8-6523-4CED-BA18-91C51E8ACCBF}.Debug|x64.ActiveCfg = Debug|Any CPU
		{39CBB9E8-6523-4CED-BA18-91C51E8ACCBF}.Debug|x64.Build.0 = Debug|Any CPU
		{39CBB9E8-6523-4CED-BA18-91C51E8ACCBF}.Debug|x86.ActiveCfg = Debug|Any CPU
		{39CBB9E8-6523-4CED-BA18-91C51E8ACCBF}.Debug|x86.Build.0 = Debug|Any CPU
		{39CBB9E8-6523-4CED-BA18-91C51E8ACCBF}.Release|Any CPU.ActiveCfg = Release|Any CPU
		{39CBB9E8-6523-4CED-BA18-91C51E8ACCBF}.Release|Any CPU.Build.0 = Release|Any CPU
		{39CBB9E8-6523-4CED-BA18-91C51E8ACCBF}.Release|x64.ActiveCfg = Release|Any CPU
		{39CBB9E8-6523-4CED-BA18-91C51E8ACCBF}.Release|x64.Build.0 = Release|Any CPU
		{39CBB9E8-6523-4CED-BA18-91C51E8ACCBF}.Release|x86.ActiveCfg = Release|Any CPU
		{39CBB9E8-6523-4CED-BA18-91C51E8ACCBF}.Release|x86.Build.0 = Release|Any CPU
		{90C4EFD7-FBBE-471F-BACE-A2BFCD969E97}.Debug|Any CPU.ActiveCfg = Debug|Any CPU
		{90C4EFD7-FBBE-471F-BACE-A2BFCD969E97}.Debug|Any CPU.Build.0 = Debug|Any CPU
		{90C4EFD7-FBBE-471F-BACE-A2BFCD969E97}.Debug|x64.ActiveCfg = Debug|Any CPU
		{90C4EFD7-FBBE-471F-BACE-A2BFCD969E97}.Debug|x64.Build.0 = Debug|Any CPU
		{90C4EFD7-FBBE-471F-BACE-A2BFCD969E97}.Debug|x86.ActiveCfg = Debug|Any CPU
		{90C4EFD7-FBBE-471F-BACE-A2BFCD969E97}.Debug|x86.Build.0 = Debug|Any CPU
		{90C4EFD7-FBBE-471F-BACE-A2BFCD969E97}.Release|Any CPU.ActiveCfg = Release|Any CPU
		{90C4EFD7-FBBE-471F-BACE-A2BFCD969E97}.Release|Any CPU.Build.0 = Release|Any CPU
		{90C4EFD7-FBBE-471F-BACE-A2BFCD969E97}.Release|x64.ActiveCfg = Release|Any CPU
		{90C4EFD7-FBBE-471F-BACE-A2BFCD969E97}.Release|x64.Build.0 = Release|Any CPU
		{90C4EFD7-FBBE-471F-BACE-A2BFCD969E97}.Release|x86.ActiveCfg = Release|Any CPU
		{90C4EFD7-FBBE-471F-BACE-A2BFCD969E97}.Release|x86.Build.0 = Release|Any CPU
		{8F73C1E5-9EE1-4A07-8437-6FDF850194D1}.Debug|Any CPU.ActiveCfg = Debug|Any CPU
		{8F73C1E5-9EE1-4A07-8437-6FDF850194D1}.Debug|Any CPU.Build.0 = Debug|Any CPU
		{8F73C1E5-9EE1-4A07-8437-6FDF850194D1}.Debug|x64.ActiveCfg = Debug|Any CPU
		{8F73C1E5-9EE1-4A07-8437-6FDF850194D1}.Debug|x64.Build.0 = Debug|Any CPU
		{8F73C1E5-9EE1-4A07-8437-6FDF850194D1}.Debug|x86.ActiveCfg = Debug|Any CPU
		{8F73C1E5-9EE1-4A07-8437-6FDF850194D1}.Debug|x86.Build.0 = Debug|Any CPU
		{8F73C1E5-9EE1-4A07-8437-6FDF850194D1}.Release|Any CPU.ActiveCfg = Release|Any CPU
		{8F73C1E5-9EE1-4A07-8437-6FDF850194D1}.Release|Any CPU.Build.0 = Release|Any CPU
		{8F73C1E5-9EE1-4A07-8437-6FDF850194D1}.Release|x64.ActiveCfg = Release|Any CPU
		{8F73C1E5-9EE1-4A07-8437-6FDF850194D1}.Release|x64.Build.0 = Release|Any CPU
		{8F73C1E5-9EE1-4A07-8437-6FDF850194D1}.Release|x86.ActiveCfg = Release|Any CPU
		{8F73C1E5-9EE1-4A07-8437-6FDF850194D1}.Release|x86.Build.0 = Release|Any CPU
		{78CD8845-1128-491E-AB15-6EA755389236}.Debug|Any CPU.ActiveCfg = Debug|Any CPU
		{78CD8845-1128-491E-AB15-6EA755389236}.Debug|Any CPU.Build.0 = Debug|Any CPU
		{78CD8845-1128-491E-AB15-6EA755389236}.Debug|x64.ActiveCfg = Debug|Any CPU
		{78CD8845-1128-491E-AB15-6EA755389236}.Debug|x64.Build.0 = Debug|Any CPU
		{78CD8845-1128-491E-AB15-6EA755389236}.Debug|x86.ActiveCfg = Debug|Any CPU
		{78CD8845-1128-491E-AB15-6EA755389236}.Debug|x86.Build.0 = Debug|Any CPU
		{78CD8845-1128-491E-AB15-6EA755389236}.Release|Any CPU.ActiveCfg = Release|Any CPU
		{78CD8845-1128-491E-AB15-6EA755389236}.Release|Any CPU.Build.0 = Release|Any CPU
		{78CD8845-1128-491E-AB15-6EA755389236}.Release|x64.ActiveCfg = Release|Any CPU
		{78CD8845-1128-491E-AB15-6EA755389236}.Release|x64.Build.0 = Release|Any CPU
		{78CD8845-1128-491E-AB15-6EA755389236}.Release|x86.ActiveCfg = Release|Any CPU
		{78CD8845-1128-491E-AB15-6EA755389236}.Release|x86.Build.0 = Release|Any CPU
		{CAAF5315-EC22-4A35-B009-76D7A9FBB2D2}.Debug|Any CPU.ActiveCfg = Debug|Any CPU
		{CAAF5315-EC22-4A35-B009-76D7A9FBB2D2}.Debug|Any CPU.Build.0 = Debug|Any CPU
		{CAAF5315-EC22-4A35-B009-76D7A9FBB2D2}.Debug|x64.ActiveCfg = Debug|Any CPU
		{CAAF5315-EC22-4A35-B009-76D7A9FBB2D2}.Debug|x64.Build.0 = Debug|Any CPU
		{CAAF5315-EC22-4A35-B009-76D7A9FBB2D2}.Debug|x86.ActiveCfg = Debug|Any CPU
		{CAAF5315-EC22-4A35-B009-76D7A9FBB2D2}.Debug|x86.Build.0 = Debug|Any CPU
		{CAAF5315-EC22-4A35-B009-76D7A9FBB2D2}.Release|Any CPU.ActiveCfg = Release|Any CPU
		{CAAF5315-EC22-4A35-B009-76D7A9FBB2D2}.Release|Any CPU.Build.0 = Release|Any CPU
		{CAAF5315-EC22-4A35-B009-76D7A9FBB2D2}.Release|x64.ActiveCfg = Release|Any CPU
		{CAAF5315-EC22-4A35-B009-76D7A9FBB2D2}.Release|x64.Build.0 = Release|Any CPU
		{CAAF5315-EC22-4A35-B009-76D7A9FBB2D2}.Release|x86.ActiveCfg = Release|Any CPU
		{CAAF5315-EC22-4A35-B009-76D7A9FBB2D2}.Release|x86.Build.0 = Release|Any CPU
		{BEAF668B-BD97-4127-BD31-169B9870FF56}.Debug|Any CPU.ActiveCfg = Debug|Any CPU
		{BEAF668B-BD97-4127-BD31-169B9870FF56}.Debug|Any CPU.Build.0 = Debug|Any CPU
		{BEAF668B-BD97-4127-BD31-169B9870FF56}.Debug|x64.ActiveCfg = Debug|Any CPU
		{BEAF668B-BD97-4127-BD31-169B9870FF56}.Debug|x64.Build.0 = Debug|Any CPU
		{BEAF668B-BD97-4127-BD31-169B9870FF56}.Debug|x86.ActiveCfg = Debug|Any CPU
		{BEAF668B-BD97-4127-BD31-169B9870FF56}.Debug|x86.Build.0 = Debug|Any CPU
		{BEAF668B-BD97-4127-BD31-169B9870FF56}.Release|Any CPU.ActiveCfg = Release|Any CPU
		{BEAF668B-BD97-4127-BD31-169B9870FF56}.Release|Any CPU.Build.0 = Release|Any CPU
		{BEAF668B-BD97-4127-BD31-169B9870FF56}.Release|x64.ActiveCfg = Release|Any CPU
		{BEAF668B-BD97-4127-BD31-169B9870FF56}.Release|x64.Build.0 = Release|Any CPU
		{BEAF668B-BD97-4127-BD31-169B9870FF56}.Release|x86.ActiveCfg = Release|Any CPU
		{BEAF668B-BD97-4127-BD31-169B9870FF56}.Release|x86.Build.0 = Release|Any CPU
		{BB648FC6-FBA2-4F57-A723-2063214243D5}.Debug|Any CPU.ActiveCfg = Debug|Any CPU
		{BB648FC6-FBA2-4F57-A723-2063214243D5}.Debug|Any CPU.Build.0 = Debug|Any CPU
		{BB648FC6-FBA2-4F57-A723-2063214243D5}.Debug|x64.ActiveCfg = Debug|Any CPU
		{BB648FC6-FBA2-4F57-A723-2063214243D5}.Debug|x64.Build.0 = Debug|Any CPU
		{BB648FC6-FBA2-4F57-A723-2063214243D5}.Debug|x86.ActiveCfg = Debug|Any CPU
		{BB648FC6-FBA2-4F57-A723-2063214243D5}.Debug|x86.Build.0 = Debug|Any CPU
		{BB648FC6-FBA2-4F57-A723-2063214243D5}.Release|Any CPU.ActiveCfg = Release|Any CPU
		{BB648FC6-FBA2-4F57-A723-2063214243D5}.Release|Any CPU.Build.0 = Release|Any CPU
		{BB648FC6-FBA2-4F57-A723-2063214243D5}.Release|x64.ActiveCfg = Release|Any CPU
		{BB648FC6-FBA2-4F57-A723-2063214243D5}.Release|x64.Build.0 = Release|Any CPU
		{BB648FC6-FBA2-4F57-A723-2063214243D5}.Release|x86.ActiveCfg = Release|Any CPU
		{BB648FC6-FBA2-4F57-A723-2063214243D5}.Release|x86.Build.0 = Release|Any CPU
		{B2FB1C5D-D59C-4142-911D-1A588F47C2D8}.Debug|Any CPU.ActiveCfg = Debug|Any CPU
		{B2FB1C5D-D59C-4142-911D-1A588F47C2D8}.Debug|Any CPU.Build.0 = Debug|Any CPU
		{B2FB1C5D-D59C-4142-911D-1A588F47C2D8}.Debug|x64.ActiveCfg = Debug|Any CPU
		{B2FB1C5D-D59C-4142-911D-1A588F47C2D8}.Debug|x64.Build.0 = Debug|Any CPU
		{B2FB1C5D-D59C-4142-911D-1A588F47C2D8}.Debug|x86.ActiveCfg = Debug|Any CPU
		{B2FB1C5D-D59C-4142-911D-1A588F47C2D8}.Debug|x86.Build.0 = Debug|Any CPU
		{B2FB1C5D-D59C-4142-911D-1A588F47C2D8}.Release|Any CPU.ActiveCfg = Release|Any CPU
		{B2FB1C5D-D59C-4142-911D-1A588F47C2D8}.Release|Any CPU.Build.0 = Release|Any CPU
		{B2FB1C5D-D59C-4142-911D-1A588F47C2D8}.Release|x64.ActiveCfg = Release|Any CPU
		{B2FB1C5D-D59C-4142-911D-1A588F47C2D8}.Release|x64.Build.0 = Release|Any CPU
		{B2FB1C5D-D59C-4142-911D-1A588F47C2D8}.Release|x86.ActiveCfg = Release|Any CPU
		{B2FB1C5D-D59C-4142-911D-1A588F47C2D8}.Release|x86.Build.0 = Release|Any CPU
		{3D153DDB-E3C4-42D3-8E57-E507C6A19A26}.Debug|Any CPU.ActiveCfg = Debug|Any CPU
		{3D153DDB-E3C4-42D3-8E57-E507C6A19A26}.Debug|Any CPU.Build.0 = Debug|Any CPU
		{3D153DDB-E3C4-42D3-8E57-E507C6A19A26}.Debug|x64.ActiveCfg = Debug|Any CPU
		{3D153DDB-E3C4-42D3-8E57-E507C6A19A26}.Debug|x64.Build.0 = Debug|Any CPU
		{3D153DDB-E3C4-42D3-8E57-E507C6A19A26}.Debug|x86.ActiveCfg = Debug|Any CPU
		{3D153DDB-E3C4-42D3-8E57-E507C6A19A26}.Debug|x86.Build.0 = Debug|Any CPU
		{3D153DDB-E3C4-42D3-8E57-E507C6A19A26}.Release|Any CPU.ActiveCfg = Release|Any CPU
		{3D153DDB-E3C4-42D3-8E57-E507C6A19A26}.Release|Any CPU.Build.0 = Release|Any CPU
		{3D153DDB-E3C4-42D3-8E57-E507C6A19A26}.Release|x64.ActiveCfg = Release|Any CPU
		{3D153DDB-E3C4-42D3-8E57-E507C6A19A26}.Release|x64.Build.0 = Release|Any CPU
		{3D153DDB-E3C4-42D3-8E57-E507C6A19A26}.Release|x86.ActiveCfg = Release|Any CPU
		{3D153DDB-E3C4-42D3-8E57-E507C6A19A26}.Release|x86.Build.0 = Release|Any CPU
		{00E0FC42-0259-4AA6-8755-81C3CCEE6DAB}.Debug|Any CPU.ActiveCfg = Debug|Any CPU
		{00E0FC42-0259-4AA6-8755-81C3CCEE6DAB}.Debug|Any CPU.Build.0 = Debug|Any CPU
		{00E0FC42-0259-4AA6-8755-81C3CCEE6DAB}.Debug|x64.ActiveCfg = Debug|Any CPU
		{00E0FC42-0259-4AA6-8755-81C3CCEE6DAB}.Debug|x64.Build.0 = Debug|Any CPU
		{00E0FC42-0259-4AA6-8755-81C3CCEE6DAB}.Debug|x86.ActiveCfg = Debug|Any CPU
		{00E0FC42-0259-4AA6-8755-81C3CCEE6DAB}.Debug|x86.Build.0 = Debug|Any CPU
		{00E0FC42-0259-4AA6-8755-81C3CCEE6DAB}.Release|Any CPU.ActiveCfg = Release|Any CPU
		{00E0FC42-0259-4AA6-8755-81C3CCEE6DAB}.Release|Any CPU.Build.0 = Release|Any CPU
		{00E0FC42-0259-4AA6-8755-81C3CCEE6DAB}.Release|x64.ActiveCfg = Release|Any CPU
		{00E0FC42-0259-4AA6-8755-81C3CCEE6DAB}.Release|x64.Build.0 = Release|Any CPU
		{00E0FC42-0259-4AA6-8755-81C3CCEE6DAB}.Release|x86.ActiveCfg = Release|Any CPU
		{00E0FC42-0259-4AA6-8755-81C3CCEE6DAB}.Release|x86.Build.0 = Release|Any CPU
		{EB71944B-9583-4270-9584-31F2CA6FC89F}.Debug|Any CPU.ActiveCfg = Debug|Any CPU
		{EB71944B-9583-4270-9584-31F2CA6FC89F}.Debug|Any CPU.Build.0 = Debug|Any CPU
		{EB71944B-9583-4270-9584-31F2CA6FC89F}.Debug|x64.ActiveCfg = Debug|Any CPU
		{EB71944B-9583-4270-9584-31F2CA6FC89F}.Debug|x64.Build.0 = Debug|Any CPU
		{EB71944B-9583-4270-9584-31F2CA6FC89F}.Debug|x86.ActiveCfg = Debug|Any CPU
		{EB71944B-9583-4270-9584-31F2CA6FC89F}.Debug|x86.Build.0 = Debug|Any CPU
		{EB71944B-9583-4270-9584-31F2CA6FC89F}.Release|Any CPU.ActiveCfg = Release|Any CPU
		{EB71944B-9583-4270-9584-31F2CA6FC89F}.Release|Any CPU.Build.0 = Release|Any CPU
		{EB71944B-9583-4270-9584-31F2CA6FC89F}.Release|x64.ActiveCfg = Release|Any CPU
		{EB71944B-9583-4270-9584-31F2CA6FC89F}.Release|x64.Build.0 = Release|Any CPU
		{EB71944B-9583-4270-9584-31F2CA6FC89F}.Release|x86.ActiveCfg = Release|Any CPU
		{EB71944B-9583-4270-9584-31F2CA6FC89F}.Release|x86.Build.0 = Release|Any CPU
		{D610BF01-C901-4796-A499-304BBF43577C}.Debug|Any CPU.ActiveCfg = Debug|Any CPU
		{D610BF01-C901-4796-A499-304BBF43577C}.Debug|Any CPU.Build.0 = Debug|Any CPU
		{D610BF01-C901-4796-A499-304BBF43577C}.Debug|x64.ActiveCfg = Debug|Any CPU
		{D610BF01-C901-4796-A499-304BBF43577C}.Debug|x64.Build.0 = Debug|Any CPU
		{D610BF01-C901-4796-A499-304BBF43577C}.Debug|x86.ActiveCfg = Debug|Any CPU
		{D610BF01-C901-4796-A499-304BBF43577C}.Debug|x86.Build.0 = Debug|Any CPU
		{D610BF01-C901-4796-A499-304BBF43577C}.Release|Any CPU.ActiveCfg = Release|Any CPU
		{D610BF01-C901-4796-A499-304BBF43577C}.Release|Any CPU.Build.0 = Release|Any CPU
		{D610BF01-C901-4796-A499-304BBF43577C}.Release|x64.ActiveCfg = Release|Any CPU
		{D610BF01-C901-4796-A499-304BBF43577C}.Release|x64.Build.0 = Release|Any CPU
		{D610BF01-C901-4796-A499-304BBF43577C}.Release|x86.ActiveCfg = Release|Any CPU
		{D610BF01-C901-4796-A499-304BBF43577C}.Release|x86.Build.0 = Release|Any CPU
		{213C7972-E5C1-4891-9764-A28BFAEDA11C}.Debug|Any CPU.ActiveCfg = Debug|Any CPU
		{213C7972-E5C1-4891-9764-A28BFAEDA11C}.Debug|Any CPU.Build.0 = Debug|Any CPU
		{213C7972-E5C1-4891-9764-A28BFAEDA11C}.Debug|x64.ActiveCfg = Debug|Any CPU
		{213C7972-E5C1-4891-9764-A28BFAEDA11C}.Debug|x64.Build.0 = Debug|Any CPU
		{213C7972-E5C1-4891-9764-A28BFAEDA11C}.Debug|x86.ActiveCfg = Debug|Any CPU
		{213C7972-E5C1-4891-9764-A28BFAEDA11C}.Debug|x86.Build.0 = Debug|Any CPU
		{213C7972-E5C1-4891-9764-A28BFAEDA11C}.Release|Any CPU.ActiveCfg = Release|Any CPU
		{213C7972-E5C1-4891-9764-A28BFAEDA11C}.Release|Any CPU.Build.0 = Release|Any CPU
		{213C7972-E5C1-4891-9764-A28BFAEDA11C}.Release|x64.ActiveCfg = Release|Any CPU
		{213C7972-E5C1-4891-9764-A28BFAEDA11C}.Release|x64.Build.0 = Release|Any CPU
		{213C7972-E5C1-4891-9764-A28BFAEDA11C}.Release|x86.ActiveCfg = Release|Any CPU
		{213C7972-E5C1-4891-9764-A28BFAEDA11C}.Release|x86.Build.0 = Release|Any CPU
		{4F4077BE-600B-4675-A835-401CC3F942CF}.Debug|Any CPU.ActiveCfg = Debug|Any CPU
		{4F4077BE-600B-4675-A835-401CC3F942CF}.Debug|Any CPU.Build.0 = Debug|Any CPU
		{4F4077BE-600B-4675-A835-401CC3F942CF}.Debug|x64.ActiveCfg = Debug|Any CPU
		{4F4077BE-600B-4675-A835-401CC3F942CF}.Debug|x64.Build.0 = Debug|Any CPU
		{4F4077BE-600B-4675-A835-401CC3F942CF}.Debug|x86.ActiveCfg = Debug|Any CPU
		{4F4077BE-600B-4675-A835-401CC3F942CF}.Debug|x86.Build.0 = Debug|Any CPU
		{4F4077BE-600B-4675-A835-401CC3F942CF}.Release|Any CPU.ActiveCfg = Release|Any CPU
		{4F4077BE-600B-4675-A835-401CC3F942CF}.Release|Any CPU.Build.0 = Release|Any CPU
		{4F4077BE-600B-4675-A835-401CC3F942CF}.Release|x64.ActiveCfg = Release|Any CPU
		{4F4077BE-600B-4675-A835-401CC3F942CF}.Release|x64.Build.0 = Release|Any CPU
		{4F4077BE-600B-4675-A835-401CC3F942CF}.Release|x86.ActiveCfg = Release|Any CPU
		{4F4077BE-600B-4675-A835-401CC3F942CF}.Release|x86.Build.0 = Release|Any CPU
		{74A950F6-C0A1-4DB9-A55F-C9FA24289D62}.Debug|Any CPU.ActiveCfg = Debug|Any CPU
		{74A950F6-C0A1-4DB9-A55F-C9FA24289D62}.Debug|Any CPU.Build.0 = Debug|Any CPU
		{74A950F6-C0A1-4DB9-A55F-C9FA24289D62}.Debug|x64.ActiveCfg = Debug|Any CPU
		{74A950F6-C0A1-4DB9-A55F-C9FA24289D62}.Debug|x64.Build.0 = Debug|Any CPU
		{74A950F6-C0A1-4DB9-A55F-C9FA24289D62}.Debug|x86.ActiveCfg = Debug|Any CPU
		{74A950F6-C0A1-4DB9-A55F-C9FA24289D62}.Debug|x86.Build.0 = Debug|Any CPU
		{74A950F6-C0A1-4DB9-A55F-C9FA24289D62}.Release|Any CPU.ActiveCfg = Release|Any CPU
		{74A950F6-C0A1-4DB9-A55F-C9FA24289D62}.Release|Any CPU.Build.0 = Release|Any CPU
		{74A950F6-C0A1-4DB9-A55F-C9FA24289D62}.Release|x64.ActiveCfg = Release|Any CPU
		{74A950F6-C0A1-4DB9-A55F-C9FA24289D62}.Release|x64.Build.0 = Release|Any CPU
		{74A950F6-C0A1-4DB9-A55F-C9FA24289D62}.Release|x86.ActiveCfg = Release|Any CPU
		{74A950F6-C0A1-4DB9-A55F-C9FA24289D62}.Release|x86.Build.0 = Release|Any CPU
		{B6050949-5538-40D0-925D-1DB23CD920FB}.Debug|Any CPU.ActiveCfg = Debug|Any CPU
		{B6050949-5538-40D0-925D-1DB23CD920FB}.Debug|Any CPU.Build.0 = Debug|Any CPU
		{B6050949-5538-40D0-925D-1DB23CD920FB}.Debug|x64.ActiveCfg = Debug|Any CPU
		{B6050949-5538-40D0-925D-1DB23CD920FB}.Debug|x64.Build.0 = Debug|Any CPU
		{B6050949-5538-40D0-925D-1DB23CD920FB}.Debug|x86.ActiveCfg = Debug|Any CPU
		{B6050949-5538-40D0-925D-1DB23CD920FB}.Debug|x86.Build.0 = Debug|Any CPU
		{B6050949-5538-40D0-925D-1DB23CD920FB}.Release|Any CPU.ActiveCfg = Release|Any CPU
		{B6050949-5538-40D0-925D-1DB23CD920FB}.Release|Any CPU.Build.0 = Release|Any CPU
		{B6050949-5538-40D0-925D-1DB23CD920FB}.Release|x64.ActiveCfg = Release|Any CPU
		{B6050949-5538-40D0-925D-1DB23CD920FB}.Release|x64.Build.0 = Release|Any CPU
		{B6050949-5538-40D0-925D-1DB23CD920FB}.Release|x86.ActiveCfg = Release|Any CPU
		{B6050949-5538-40D0-925D-1DB23CD920FB}.Release|x86.Build.0 = Release|Any CPU
		{3AB93119-0C75-463B-805D-124A7E206F02}.Debug|Any CPU.ActiveCfg = Debug|Any CPU
		{3AB93119-0C75-463B-805D-124A7E206F02}.Debug|Any CPU.Build.0 = Debug|Any CPU
		{3AB93119-0C75-463B-805D-124A7E206F02}.Debug|x64.ActiveCfg = Debug|Any CPU
		{3AB93119-0C75-463B-805D-124A7E206F02}.Debug|x64.Build.0 = Debug|Any CPU
		{3AB93119-0C75-463B-805D-124A7E206F02}.Debug|x86.ActiveCfg = Debug|Any CPU
		{3AB93119-0C75-463B-805D-124A7E206F02}.Debug|x86.Build.0 = Debug|Any CPU
		{3AB93119-0C75-463B-805D-124A7E206F02}.Release|Any CPU.ActiveCfg = Release|Any CPU
		{3AB93119-0C75-463B-805D-124A7E206F02}.Release|Any CPU.Build.0 = Release|Any CPU
		{3AB93119-0C75-463B-805D-124A7E206F02}.Release|x64.ActiveCfg = Release|Any CPU
		{3AB93119-0C75-463B-805D-124A7E206F02}.Release|x64.Build.0 = Release|Any CPU
		{3AB93119-0C75-463B-805D-124A7E206F02}.Release|x86.ActiveCfg = Release|Any CPU
		{3AB93119-0C75-463B-805D-124A7E206F02}.Release|x86.Build.0 = Release|Any CPU
		{6CEFB255-F1F9-4C9C-BC23-59F195EEED69}.Debug|Any CPU.ActiveCfg = Debug|Any CPU
		{6CEFB255-F1F9-4C9C-BC23-59F195EEED69}.Debug|Any CPU.Build.0 = Debug|Any CPU
		{6CEFB255-F1F9-4C9C-BC23-59F195EEED69}.Debug|x64.ActiveCfg = Debug|Any CPU
		{6CEFB255-F1F9-4C9C-BC23-59F195EEED69}.Debug|x64.Build.0 = Debug|Any CPU
		{6CEFB255-F1F9-4C9C-BC23-59F195EEED69}.Debug|x86.ActiveCfg = Debug|Any CPU
		{6CEFB255-F1F9-4C9C-BC23-59F195EEED69}.Debug|x86.Build.0 = Debug|Any CPU
		{6CEFB255-F1F9-4C9C-BC23-59F195EEED69}.Release|Any CPU.ActiveCfg = Release|Any CPU
		{6CEFB255-F1F9-4C9C-BC23-59F195EEED69}.Release|Any CPU.Build.0 = Release|Any CPU
		{6CEFB255-F1F9-4C9C-BC23-59F195EEED69}.Release|x64.ActiveCfg = Release|Any CPU
		{6CEFB255-F1F9-4C9C-BC23-59F195EEED69}.Release|x64.Build.0 = Release|Any CPU
		{6CEFB255-F1F9-4C9C-BC23-59F195EEED69}.Release|x86.ActiveCfg = Release|Any CPU
		{6CEFB255-F1F9-4C9C-BC23-59F195EEED69}.Release|x86.Build.0 = Release|Any CPU
		{B5A38E32-65A3-46F8-8EDE-9DAB20371BAE}.Debug|Any CPU.ActiveCfg = Debug|Any CPU
		{B5A38E32-65A3-46F8-8EDE-9DAB20371BAE}.Debug|Any CPU.Build.0 = Debug|Any CPU
		{B5A38E32-65A3-46F8-8EDE-9DAB20371BAE}.Debug|x64.ActiveCfg = Debug|Any CPU
		{B5A38E32-65A3-46F8-8EDE-9DAB20371BAE}.Debug|x64.Build.0 = Debug|Any CPU
		{B5A38E32-65A3-46F8-8EDE-9DAB20371BAE}.Debug|x86.ActiveCfg = Debug|Any CPU
		{B5A38E32-65A3-46F8-8EDE-9DAB20371BAE}.Debug|x86.Build.0 = Debug|Any CPU
		{B5A38E32-65A3-46F8-8EDE-9DAB20371BAE}.Release|Any CPU.ActiveCfg = Release|Any CPU
		{B5A38E32-65A3-46F8-8EDE-9DAB20371BAE}.Release|Any CPU.Build.0 = Release|Any CPU
		{B5A38E32-65A3-46F8-8EDE-9DAB20371BAE}.Release|x64.ActiveCfg = Release|Any CPU
		{B5A38E32-65A3-46F8-8EDE-9DAB20371BAE}.Release|x64.Build.0 = Release|Any CPU
		{B5A38E32-65A3-46F8-8EDE-9DAB20371BAE}.Release|x86.ActiveCfg = Release|Any CPU
		{B5A38E32-65A3-46F8-8EDE-9DAB20371BAE}.Release|x86.Build.0 = Release|Any CPU
		{73DF0FF0-1E07-40D0-A4AB-C1660516A99F}.Debug|Any CPU.ActiveCfg = Debug|Any CPU
		{73DF0FF0-1E07-40D0-A4AB-C1660516A99F}.Debug|Any CPU.Build.0 = Debug|Any CPU
		{73DF0FF0-1E07-40D0-A4AB-C1660516A99F}.Debug|x64.ActiveCfg = Debug|Any CPU
		{73DF0FF0-1E07-40D0-A4AB-C1660516A99F}.Debug|x64.Build.0 = Debug|Any CPU
		{73DF0FF0-1E07-40D0-A4AB-C1660516A99F}.Debug|x86.ActiveCfg = Debug|Any CPU
		{73DF0FF0-1E07-40D0-A4AB-C1660516A99F}.Debug|x86.Build.0 = Debug|Any CPU
		{73DF0FF0-1E07-40D0-A4AB-C1660516A99F}.Release|Any CPU.ActiveCfg = Release|Any CPU
		{73DF0FF0-1E07-40D0-A4AB-C1660516A99F}.Release|Any CPU.Build.0 = Release|Any CPU
		{73DF0FF0-1E07-40D0-A4AB-C1660516A99F}.Release|x64.ActiveCfg = Release|Any CPU
		{73DF0FF0-1E07-40D0-A4AB-C1660516A99F}.Release|x64.Build.0 = Release|Any CPU
		{73DF0FF0-1E07-40D0-A4AB-C1660516A99F}.Release|x86.ActiveCfg = Release|Any CPU
		{73DF0FF0-1E07-40D0-A4AB-C1660516A99F}.Release|x86.Build.0 = Release|Any CPU
		{EE716C0A-29A0-4C45-A482-1AE31719D0E0}.Debug|Any CPU.ActiveCfg = Debug|Any CPU
		{EE716C0A-29A0-4C45-A482-1AE31719D0E0}.Debug|Any CPU.Build.0 = Debug|Any CPU
		{EE716C0A-29A0-4C45-A482-1AE31719D0E0}.Debug|x64.ActiveCfg = Debug|Any CPU
		{EE716C0A-29A0-4C45-A482-1AE31719D0E0}.Debug|x64.Build.0 = Debug|Any CPU
		{EE716C0A-29A0-4C45-A482-1AE31719D0E0}.Debug|x86.ActiveCfg = Debug|Any CPU
		{EE716C0A-29A0-4C45-A482-1AE31719D0E0}.Debug|x86.Build.0 = Debug|Any CPU
		{EE716C0A-29A0-4C45-A482-1AE31719D0E0}.Release|Any CPU.ActiveCfg = Release|Any CPU
		{EE716C0A-29A0-4C45-A482-1AE31719D0E0}.Release|Any CPU.Build.0 = Release|Any CPU
		{EE716C0A-29A0-4C45-A482-1AE31719D0E0}.Release|x64.ActiveCfg = Release|Any CPU
		{EE716C0A-29A0-4C45-A482-1AE31719D0E0}.Release|x64.Build.0 = Release|Any CPU
		{EE716C0A-29A0-4C45-A482-1AE31719D0E0}.Release|x86.ActiveCfg = Release|Any CPU
		{EE716C0A-29A0-4C45-A482-1AE31719D0E0}.Release|x86.Build.0 = Release|Any CPU
		{31C74A1B-BEFE-4D4A-8072-C67D80F852F8}.Debug|Any CPU.ActiveCfg = Debug|Any CPU
		{31C74A1B-BEFE-4D4A-8072-C67D80F852F8}.Debug|Any CPU.Build.0 = Debug|Any CPU
		{31C74A1B-BEFE-4D4A-8072-C67D80F852F8}.Debug|x64.ActiveCfg = Debug|Any CPU
		{31C74A1B-BEFE-4D4A-8072-C67D80F852F8}.Debug|x64.Build.0 = Debug|Any CPU
		{31C74A1B-BEFE-4D4A-8072-C67D80F852F8}.Debug|x86.ActiveCfg = Debug|Any CPU
		{31C74A1B-BEFE-4D4A-8072-C67D80F852F8}.Debug|x86.Build.0 = Debug|Any CPU
		{31C74A1B-BEFE-4D4A-8072-C67D80F852F8}.Release|Any CPU.ActiveCfg = Release|Any CPU
		{31C74A1B-BEFE-4D4A-8072-C67D80F852F8}.Release|Any CPU.Build.0 = Release|Any CPU
		{31C74A1B-BEFE-4D4A-8072-C67D80F852F8}.Release|x64.ActiveCfg = Release|Any CPU
		{31C74A1B-BEFE-4D4A-8072-C67D80F852F8}.Release|x64.Build.0 = Release|Any CPU
		{31C74A1B-BEFE-4D4A-8072-C67D80F852F8}.Release|x86.ActiveCfg = Release|Any CPU
		{31C74A1B-BEFE-4D4A-8072-C67D80F852F8}.Release|x86.Build.0 = Release|Any CPU
		{27DA6A40-894F-4B80-8FC2-D7EA48A0FC6B}.Debug|Any CPU.ActiveCfg = Debug|Any CPU
		{27DA6A40-894F-4B80-8FC2-D7EA48A0FC6B}.Debug|Any CPU.Build.0 = Debug|Any CPU
		{27DA6A40-894F-4B80-8FC2-D7EA48A0FC6B}.Debug|x64.ActiveCfg = Debug|Any CPU
		{27DA6A40-894F-4B80-8FC2-D7EA48A0FC6B}.Debug|x64.Build.0 = Debug|Any CPU
		{27DA6A40-894F-4B80-8FC2-D7EA48A0FC6B}.Debug|x86.ActiveCfg = Debug|Any CPU
		{27DA6A40-894F-4B80-8FC2-D7EA48A0FC6B}.Debug|x86.Build.0 = Debug|Any CPU
		{27DA6A40-894F-4B80-8FC2-D7EA48A0FC6B}.Release|Any CPU.ActiveCfg = Release|Any CPU
		{27DA6A40-894F-4B80-8FC2-D7EA48A0FC6B}.Release|Any CPU.Build.0 = Release|Any CPU
		{27DA6A40-894F-4B80-8FC2-D7EA48A0FC6B}.Release|x64.ActiveCfg = Release|Any CPU
		{27DA6A40-894F-4B80-8FC2-D7EA48A0FC6B}.Release|x64.Build.0 = Release|Any CPU
		{27DA6A40-894F-4B80-8FC2-D7EA48A0FC6B}.Release|x86.ActiveCfg = Release|Any CPU
		{27DA6A40-894F-4B80-8FC2-D7EA48A0FC6B}.Release|x86.Build.0 = Release|Any CPU
		{5B18A7B3-EE82-4E5C-BF9C-88872A44AA91}.Debug|Any CPU.ActiveCfg = Debug|Any CPU
		{5B18A7B3-EE82-4E5C-BF9C-88872A44AA91}.Debug|Any CPU.Build.0 = Debug|Any CPU
		{5B18A7B3-EE82-4E5C-BF9C-88872A44AA91}.Debug|x64.ActiveCfg = Debug|Any CPU
		{5B18A7B3-EE82-4E5C-BF9C-88872A44AA91}.Debug|x64.Build.0 = Debug|Any CPU
		{5B18A7B3-EE82-4E5C-BF9C-88872A44AA91}.Debug|x86.ActiveCfg = Debug|Any CPU
		{5B18A7B3-EE82-4E5C-BF9C-88872A44AA91}.Debug|x86.Build.0 = Debug|Any CPU
		{5B18A7B3-EE82-4E5C-BF9C-88872A44AA91}.Release|Any CPU.ActiveCfg = Release|Any CPU
		{5B18A7B3-EE82-4E5C-BF9C-88872A44AA91}.Release|Any CPU.Build.0 = Release|Any CPU
		{5B18A7B3-EE82-4E5C-BF9C-88872A44AA91}.Release|x64.ActiveCfg = Release|Any CPU
		{5B18A7B3-EE82-4E5C-BF9C-88872A44AA91}.Release|x64.Build.0 = Release|Any CPU
		{5B18A7B3-EE82-4E5C-BF9C-88872A44AA91}.Release|x86.ActiveCfg = Release|Any CPU
		{5B18A7B3-EE82-4E5C-BF9C-88872A44AA91}.Release|x86.Build.0 = Release|Any CPU
		{1C7A17A7-E42F-4A4E-9297-E227B87BCF90}.Debug|Any CPU.ActiveCfg = Debug|Any CPU
		{1C7A17A7-E42F-4A4E-9297-E227B87BCF90}.Debug|Any CPU.Build.0 = Debug|Any CPU
		{1C7A17A7-E42F-4A4E-9297-E227B87BCF90}.Debug|x64.ActiveCfg = Debug|Any CPU
		{1C7A17A7-E42F-4A4E-9297-E227B87BCF90}.Debug|x64.Build.0 = Debug|Any CPU
		{1C7A17A7-E42F-4A4E-9297-E227B87BCF90}.Debug|x86.ActiveCfg = Debug|Any CPU
		{1C7A17A7-E42F-4A4E-9297-E227B87BCF90}.Debug|x86.Build.0 = Debug|Any CPU
		{1C7A17A7-E42F-4A4E-9297-E227B87BCF90}.Release|Any CPU.ActiveCfg = Release|Any CPU
		{1C7A17A7-E42F-4A4E-9297-E227B87BCF90}.Release|Any CPU.Build.0 = Release|Any CPU
		{1C7A17A7-E42F-4A4E-9297-E227B87BCF90}.Release|x64.ActiveCfg = Release|Any CPU
		{1C7A17A7-E42F-4A4E-9297-E227B87BCF90}.Release|x64.Build.0 = Release|Any CPU
		{1C7A17A7-E42F-4A4E-9297-E227B87BCF90}.Release|x86.ActiveCfg = Release|Any CPU
		{1C7A17A7-E42F-4A4E-9297-E227B87BCF90}.Release|x86.Build.0 = Release|Any CPU
		{1DB7D143-84E5-4409-A6A7-4B2A994B3703}.Debug|Any CPU.ActiveCfg = Debug|Any CPU
		{1DB7D143-84E5-4409-A6A7-4B2A994B3703}.Debug|Any CPU.Build.0 = Debug|Any CPU
		{1DB7D143-84E5-4409-A6A7-4B2A994B3703}.Debug|x64.ActiveCfg = Debug|Any CPU
		{1DB7D143-84E5-4409-A6A7-4B2A994B3703}.Debug|x64.Build.0 = Debug|Any CPU
		{1DB7D143-84E5-4409-A6A7-4B2A994B3703}.Debug|x86.ActiveCfg = Debug|Any CPU
		{1DB7D143-84E5-4409-A6A7-4B2A994B3703}.Debug|x86.Build.0 = Debug|Any CPU
		{1DB7D143-84E5-4409-A6A7-4B2A994B3703}.Release|Any CPU.ActiveCfg = Release|Any CPU
		{1DB7D143-84E5-4409-A6A7-4B2A994B3703}.Release|Any CPU.Build.0 = Release|Any CPU
		{1DB7D143-84E5-4409-A6A7-4B2A994B3703}.Release|x64.ActiveCfg = Release|Any CPU
		{1DB7D143-84E5-4409-A6A7-4B2A994B3703}.Release|x64.Build.0 = Release|Any CPU
		{1DB7D143-84E5-4409-A6A7-4B2A994B3703}.Release|x86.ActiveCfg = Release|Any CPU
		{1DB7D143-84E5-4409-A6A7-4B2A994B3703}.Release|x86.Build.0 = Release|Any CPU
	EndGlobalSection
	GlobalSection(SolutionProperties) = preSolution
		HideSolutionNode = FALSE
	EndGlobalSection
	GlobalSection(NestedProjects) = preSolution
		{8D626EA8-CB54-BC41-363A-217881BEBA6E} = {827E0CD3-B72D-47B6-A68D-7590B98EB39B}
		{3994499C-1326-4434-82E8-87A77F55003C} = {8D626EA8-CB54-BC41-363A-217881BEBA6E}
		{521146F6-B496-4257-9109-8245F126E6BC} = {8D626EA8-CB54-BC41-363A-217881BEBA6E}
		{3E1C0363-7C06-4C1F-8F9D-D98CED9F27A2} = {8D626EA8-CB54-BC41-363A-217881BEBA6E}
		{EC0AE37B-42FE-3786-533F-760669F80219} = {827E0CD3-B72D-47B6-A68D-7590B98EB39B}
		{25CB2F4D-7B3A-4AA7-B8F8-86E71A306637} = {EC0AE37B-42FE-3786-533F-760669F80219}
		{270A6FB3-B0EA-4EFF-9DB8-928E23E15186} = {EC0AE37B-42FE-3786-533F-760669F80219}
		{7C434317-652F-4CDA-B476-E81BD26C7B6E} = {EC0AE37B-42FE-3786-533F-760669F80219}
		{7D2CFE0B-F876-4CB4-9AF7-B64A611877E3} = {EC0AE37B-42FE-3786-533F-760669F80219}
		{4CF8BE06-238A-3BB5-C506-35F420208DAB} = {827E0CD3-B72D-47B6-A68D-7590B98EB39B}
		{6FF8E19C-4034-4619-9FCA-DCA6EE061D2F} = {4CF8BE06-238A-3BB5-C506-35F420208DAB}
		{6A75CEF2-E9D1-412B-891A-180068C4F4F1} = {4CF8BE06-238A-3BB5-C506-35F420208DAB}
		{6F2810F2-8CE9-4BE2-B51E-4AFDA952470D} = {4CF8BE06-238A-3BB5-C506-35F420208DAB}
		{13DF594F-55EB-4D39-8856-5BD5A2E747BD} = {4CF8BE06-238A-3BB5-C506-35F420208DAB}
		{E63824C1-D6F5-417A-AC30-9C8584E55AB8} = {4CF8BE06-238A-3BB5-C506-35F420208DAB}
		{6D8AACB2-692B-8ECE-48B5-A6C757BA2C59} = {827E0CD3-B72D-47B6-A68D-7590B98EB39B}
		{3D9AA403-E8CB-4A64-AE8F-66379BD80CA0} = {6D8AACB2-692B-8ECE-48B5-A6C757BA2C59}
		{2AECB934-995D-4978-A7EC-9CA7A40EBC11} = {6D8AACB2-692B-8ECE-48B5-A6C757BA2C59}
		{F3244B3D-53C5-18F9-F232-08909C1DCBB5} = {827E0CD3-B72D-47B6-A68D-7590B98EB39B}
		{FB2A27AA-4AC6-4064-8205-2FA52D350A49} = {F3244B3D-53C5-18F9-F232-08909C1DCBB5}
		{39CBB9E8-6523-4CED-BA18-91C51E8ACCBF} = {F3244B3D-53C5-18F9-F232-08909C1DCBB5}
		{90C4EFD7-FBBE-471F-BACE-A2BFCD969E97} = {F3244B3D-53C5-18F9-F232-08909C1DCBB5}
		{8F73C1E5-9EE1-4A07-8437-6FDF850194D1} = {F3244B3D-53C5-18F9-F232-08909C1DCBB5}
		{78CD8845-1128-491E-AB15-6EA755389236} = {F3244B3D-53C5-18F9-F232-08909C1DCBB5}
		{3339D402-2AB5-41A5-71BE-05E6399CF675} = {827E0CD3-B72D-47B6-A68D-7590B98EB39B}
		{CAAF5315-EC22-4A35-B009-76D7A9FBB2D2} = {3339D402-2AB5-41A5-71BE-05E6399CF675}
		{BEAF668B-BD97-4127-BD31-169B9870FF56} = {3339D402-2AB5-41A5-71BE-05E6399CF675}
		{BB648FC6-FBA2-4F57-A723-2063214243D5} = {3339D402-2AB5-41A5-71BE-05E6399CF675}
		{B2FB1C5D-D59C-4142-911D-1A588F47C2D8} = {3339D402-2AB5-41A5-71BE-05E6399CF675}
		{9048EB7F-3875-A59E-E36B-5BD4C6F2A282} = {827E0CD3-B72D-47B6-A68D-7590B98EB39B}
		{3D153DDB-E3C4-42D3-8E57-E507C6A19A26} = {9048EB7F-3875-A59E-E36B-5BD4C6F2A282}
		{00E0FC42-0259-4AA6-8755-81C3CCEE6DAB} = {9048EB7F-3875-A59E-E36B-5BD4C6F2A282}
		{EB71944B-9583-4270-9584-31F2CA6FC89F} = {9048EB7F-3875-A59E-E36B-5BD4C6F2A282}
		{D610BF01-C901-4796-A499-304BBF43577C} = {9048EB7F-3875-A59E-E36B-5BD4C6F2A282}
		{213C7972-E5C1-4891-9764-A28BFAEDA11C} = {9048EB7F-3875-A59E-E36B-5BD4C6F2A282}
		{9D556B49-86D1-93A7-9596-FFAAB74EC556} = {0AB3BF05-4346-4AA6-1389-037BE0695223}
		{4F4077BE-600B-4675-A835-401CC3F942CF} = {9D556B49-86D1-93A7-9596-FFAAB74EC556}
		{74A950F6-C0A1-4DB9-A55F-C9FA24289D62} = {9D556B49-86D1-93A7-9596-FFAAB74EC556}
		{B6050949-5538-40D0-925D-1DB23CD920FB} = {9D556B49-86D1-93A7-9596-FFAAB74EC556}
		{3AB93119-0C75-463B-805D-124A7E206F02} = {9D556B49-86D1-93A7-9596-FFAAB74EC556}
		{28A6993C-471E-82FE-7D9E-AD3B1EC22BD9} = {0AB3BF05-4346-4AA6-1389-037BE0695223}
		{6CEFB255-F1F9-4C9C-BC23-59F195EEED69} = {28A6993C-471E-82FE-7D9E-AD3B1EC22BD9}
		{B5A38E32-65A3-46F8-8EDE-9DAB20371BAE} = {28A6993C-471E-82FE-7D9E-AD3B1EC22BD9}
		{73DF0FF0-1E07-40D0-A4AB-C1660516A99F} = {28A6993C-471E-82FE-7D9E-AD3B1EC22BD9}
		{EE716C0A-29A0-4C45-A482-1AE31719D0E0} = {28A6993C-471E-82FE-7D9E-AD3B1EC22BD9}
		{31C74A1B-BEFE-4D4A-8072-C67D80F852F8} = {28A6993C-471E-82FE-7D9E-AD3B1EC22BD9}
		{27DA6A40-894F-4B80-8FC2-D7EA48A0FC6B} = {28A6993C-471E-82FE-7D9E-AD3B1EC22BD9}
		{9D368350-D5FC-0BD6-FE3A-1E370CD05A39} = {0AB3BF05-4346-4AA6-1389-037BE0695223}
		{5B18A7B3-EE82-4E5C-BF9C-88872A44AA91} = {9D368350-D5FC-0BD6-FE3A-1E370CD05A39}
		{1C7A17A7-E42F-4A4E-9297-E227B87BCF90} = {9D368350-D5FC-0BD6-FE3A-1E370CD05A39}
		{1DB7D143-84E5-4409-A6A7-4B2A994B3703} = {9D368350-D5FC-0BD6-FE3A-1E370CD05A39}
	EndGlobalSection
EndGlobal
